# THIS IS AN AUTOGENERATED FILE. DO NOT EDIT THIS FILE DIRECTLY.
# yarn lockfile v1


"@ipld/car@^4.1.0":
  version "4.1.4"
  resolved "https://registry.yarnpkg.com/@ipld/car/-/car-4.1.4.tgz#6860f89ad1f7cd29c1f3254df068a4a1dc01da1f"
  integrity sha512-qJs1DoHklninRmwVfyQrp9+wDLIo4JAhkXBx6XSA9fsvAELA0WJOc2bNL6G2zg0MQQPrr5XEJd72ft1apWwMng==
  dependencies:
    "@ipld/dag-cbor" "^7.0.0"
    cborg "^1.9.0"
    multiformats "^9.5.4"
    varint "^6.0.0"

"@ipld/dag-cbor@^7.0.0", "@ipld/dag-cbor@^7.0.1":
  version "7.0.2"
  resolved "https://registry.yarnpkg.com/@ipld/dag-cbor/-/dag-cbor-7.0.2.tgz#a64c2ae6fa32decf655fbb9bee8f543cfae4c3f6"
  integrity sha512-V9EhJVWXqzjjRs0kiZfUXOaq8y6R2C4AAmfGoMeszqGOBgfACr5tFAgAwZY0e8z/OpmJWpCrZhzPRTZV0c/gjA==
  dependencies:
    cborg "^1.6.0"
    multiformats "^9.5.4"

"@ipld/dag-json@^8.0.9":
  version "8.0.10"
  resolved "https://registry.yarnpkg.com/@ipld/dag-json/-/dag-json-8.0.10.tgz#16ebb2315fb4a604cc18ecbb3ebd5b488397d7d8"
  integrity sha512-fny24vxVtgAv7aKmAikZq86kikp56knZL/77eyXUsrgGRGtkx9D1awemKbhIVw/7S5nBbP43m/AZwxNPVpP5eg==
  dependencies:
    cborg "^1.5.4"
    multiformats "^9.5.4"

"@ipld/dag-ucan@^1.7.0-beta":
  version "1.7.0-beta"
  resolved "https://registry.yarnpkg.com/@ipld/dag-ucan/-/dag-ucan-1.7.0-beta.tgz#cec8a51055dc74d0dd94c2bb1d446411a03847c9"
  integrity sha512-QLGz2IyAiNlT09pwvC2RnZJ2dyUqil5aRN2KLvGpShaTWGlCpCFGJzkn9M1kA04M96S3pJaIV2uxPBSVnjgvcg==
  dependencies:
    "@ipld/dag-cbor" "^7.0.1"
    "@ipld/dag-json" "^8.0.9"
    multiformats "^9.6.4"

"@noble/ed25519@^1.6.1":
  version "1.6.1"
  resolved "https://registry.yarnpkg.com/@noble/ed25519/-/ed25519-1.6.1.tgz#bad3e77008c7825a0859304ab8b4177703cd438d"
  integrity sha512-Gptpue6qPmg7p1E5LBO5GDtXw5WMc2DVtUmu4EQequOcoCvum1dT9sY6s9M8aSJWq9YopCN4jmTOAvqMdw3q7w==

"@tgrajewski/rmtree@^1.0.1":
  version "1.0.1"
  resolved "https://registry.yarnpkg.com/@tgrajewski/rmtree/-/rmtree-1.0.1.tgz#e29d350379bf270290c06f55df47110331571eb4"
  integrity sha512-sbmprNcoyALNGlu/kCS55T9zBMi40OZ8eLaGGwOnEg0Pu40PqQI57yz2Cb99/Jq7PfCpLVSqg8lQoRF5NAyEmg==

"@ucanto/authority@^0.4.5":
  version "0.4.5"
  resolved "https://registry.yarnpkg.com/@ucanto/authority/-/authority-0.4.5.tgz#e3f80df3f98064d1f93cc821959b0115533207ac"
  integrity sha512-8hCD5zv0Wc+V1hX9JCgKarkwPhyDpLpHqkeVxS74dgsaORKtLcO7CISi1rzp0vEIiuK3iyyQfGOY5PIh1diESg==
  dependencies:
    "@ipld/dag-ucan" "^1.7.0-beta"
    "@noble/ed25519" "^1.6.1"
    "@ucanto/interface" "^0.6.2"
    multiformats "^9.6.4"

"@ucanto/client@0.5.4":
  version "0.5.4"
  resolved "https://registry.yarnpkg.com/@ucanto/client/-/client-0.5.4.tgz#b87f36d9a6a30968ec534dd015186d45bd0040da"
  integrity sha512-mMtCQR11PeVZ6xt5YVlOpqW2Ujohfnqe7R26b43926QPiZdEXbIOlVux61JdUSo6jmqxvhQpz05aPzJ5H09xpA==
  dependencies:
    "@ucanto/interface" "^0.6.2"
    multiformats "^9.6.4"

"@ucanto/core@^0.5.4":
  version "0.5.4"
  resolved "https://registry.yarnpkg.com/@ucanto/core/-/core-0.5.4.tgz#3f8e7465d88c12f9288a55dc23c91c39b3a8339c"
  integrity sha512-Gopye/etahzXY00ROSkeIvp+5k6EL9YDeh5kWZ8LxEwKp+nJ5pgHDE4yCIL0mMNepekkDin9Fk/DgWCLUe1/VQ==
  dependencies:
    "@ipld/car" "^4.1.0"
    "@ipld/dag-cbor" "^7.0.1"
    "@ipld/dag-ucan" "^1.7.0-beta"
    "@ucanto/interface" "^0.6.2"
    multiformats "^9.6.4"

"@ucanto/interface@^0.6.2":
  version "0.6.2"
  resolved "https://registry.yarnpkg.com/@ucanto/interface/-/interface-0.6.2.tgz#f72ac49a4ec2c8908d3a192fb5c11607e573ff06"
  integrity sha512-Tphtp1RjcNWESTswaWSUVEjHYKvQvABUm1v9EA5xvxCQ6IAHsVOUKldcRx3kG0SyYVQ8vgphXL3ydvWsy6XPwQ==
  dependencies:
    "@ipld/dag-ucan" "^1.7.0-beta"
    multiformats "^9.6.4"

"@ucanto/transport@^0.6.3":
  version "0.6.3"
  resolved "https://registry.yarnpkg.com/@ucanto/transport/-/transport-0.6.3.tgz#e2f612dc392f3b5450361f9f111de8c53e87a793"
  integrity sha512-7aectEK22X0dyZdoCAdMASfHt2TGGf59TRgqT0KH/G8IJzrEC9I4r1KkfJkO3Fp90ZOCMB0T/xxojqSjGZH1nQ==
  dependencies:
    "@ipld/car" "^4.1.0"
    "@ipld/dag-cbor" "^7.0.1"
    "@ucanto/core" "^0.5.4"
    "@ucanto/interface" "^0.6.2"
    multiformats "^9.6.4"

"@ucanto/validator@^0.5.5":
  version "0.5.5"
  resolved "https://registry.yarnpkg.com/@ucanto/validator/-/validator-0.5.5.tgz#ceb60936939323e85081cc0b38628aeb337a8c56"
  integrity sha512-z1Ibx5pa1rucpLgenzTG8g3aX9HcFA+S73qVZ815gexeZBLjvU6OgpTvdRDUxq4kPWdtUndN3kNVeuzd1r+1CQ==
  dependencies:
    "@ipld/car" "^4.1.0"
    "@ipld/dag-cbor" "^7.0.1"
    "@ucanto/core" "^0.5.4"
    "@ucanto/interface" "^0.6.2"
    multiformats "^9.6.4"

acorn@^8.0.5:
  version "8.8.0"
  resolved "https://registry.yarnpkg.com/acorn/-/acorn-8.8.0.tgz#88c0187620435c7f6015803f5539dae05a9dbea8"
  integrity sha512-QOxyigPVrpZ2GXT+PFyZTl6TtOFc5egxHIP9IlQ+RbupQuX4RkT/Bee4/kQuC02Xkzg84JcT7oLYtDIQxp+v7w==

cborg@^1.5.4, cborg@^1.6.0, cborg@^1.9.0:
  version "1.9.4"
  resolved "https://registry.yarnpkg.com/cborg/-/cborg-1.9.4.tgz#85354ee6e0fe017dd34e300c3dcd044407a27800"
  integrity sha512-ltobKo17xKYJolhg8UxQhvzcqXhjtUnovwe9Xx59Izo32gLwozGoJs/efp+8dZ5+zu9pNJYnHtmp6iJnDUapww==

cross-fetch@^3.1.5:
  version "3.1.5"
  resolved "https://registry.yarnpkg.com/cross-fetch/-/cross-fetch-3.1.5.tgz#e1389f44d9e7ba767907f7af8454787952ab534f"
  integrity sha512-lvb1SBsI0Z7GDwmuid+mU3kWVBwTVUbe7S0H52yaaAdQOXq2YktTCZdlAcNKFzE6QtRz0snpw9bNiPeOIkkQvw==
  dependencies:
    node-fetch "2.6.7"

deep-is@~0.1.3:
  version "0.1.4"
  resolved "https://registry.yarnpkg.com/deep-is/-/deep-is-0.1.4.tgz#a6f2dce612fadd2ef1f519b73551f17e85199831"
  integrity sha512-oIPzksmTg4/MriiaYGO+okXDT7ztn/w3Eptv/+gSIdMdKsJo0u4CfYNFJPy+4SKMuCqGw2wxnA+URMg3t8a/bQ==

escodegen@^2.0.0:
  version "2.0.0"
  resolved "https://registry.yarnpkg.com/escodegen/-/escodegen-2.0.0.tgz#5e32b12833e8aa8fa35e1bf0befa89380484c7dd"
  integrity sha512-mmHKys/C8BFUGI+MAWNcSYoORYLMdPzjrknd2Vc+bUsjN5bXcr8EhrNB+UTqfL1y3I9c4fw2ihgtMPQLBRiQxw==
  dependencies:
    esprima "^4.0.1"
    estraverse "^5.2.0"
    esutils "^2.0.2"
    optionator "^0.8.1"
  optionalDependencies:
    source-map "~0.6.1"

esm-ast-to-cjs@^0.0.2:
  version "0.0.2"
  resolved "https://registry.yarnpkg.com/esm-ast-to-cjs/-/esm-ast-to-cjs-0.0.2.tgz#80ffa230b939cd33e5cdbe4a7806d0ad462825f0"
  integrity sha512-LG52tXjWthh4tXssCCYWbR6wb6yXlx98B9XGYnZiRufA7RM8ej11KxclSGb9qKvDu/cp37F1pbOyTkr5WcJUkA==

esprima@^4.0.1:
  version "4.0.1"
  resolved "https://registry.yarnpkg.com/esprima/-/esprima-4.0.1.tgz#13b04cdb3e6c5d19df91ab6987a8695619b0aa71"
  integrity sha512-eGuFFw7Upda+g4p+QHvnW0RyTX/SVeJBDM/gCtMARO0cLuT2HcEKnTPvhjV6aGeqrCB/sbNop0Kszm0jsaWU4A==

estraverse@^5.2.0:
  version "5.3.0"
  resolved "https://registry.yarnpkg.com/estraverse/-/estraverse-5.3.0.tgz#2eea5290702f26ab8fe5370370ff86c965d21123"
  integrity sha512-MMdARuVEQziNTeJD8DgMqmhwR11BRQ/cBP+pLtYdSTnf3MIO8fFeiINEbX36ZdNlfU/7A9f3gUw49B3oQsvwBA==

esutils@^2.0.2:
  version "2.0.3"
  resolved "https://registry.yarnpkg.com/esutils/-/esutils-2.0.3.tgz#74d2eb4de0b8da1293711910d50775b9b710ef64"
  integrity sha512-kVscqXk4OCp68SZ0dkgEKVi6/8ij300KBWTJq32P/dYeWTSwK41WyTxalN1eRmA5Z9UU/LX9D7FWSmV9SAYx6g==

fast-levenshtein@~2.0.6:
  version "2.0.6"
  resolved "https://registry.yarnpkg.com/fast-levenshtein/-/fast-levenshtein-2.0.6.tgz#3d8a5c66883a16a30ca8643e851f19baa7797917"
  integrity sha512-DCXu6Ifhqcks7TZKY3Hxp3y6qphY5SJZmrWMDrKcERSOXWQdMhU9Ig/PYrzyw/ul9jOIyh0N4M0tbC5hodg8dw==

fsevents@~2.3.2:
  version "2.3.2"
  resolved "https://registry.yarnpkg.com/fsevents/-/fsevents-2.3.2.tgz#8a526f78b8fdf4623b709e0b975c52c24c02fd1a"
  integrity sha512-xiqMQR4xAeHTuB9uWm+fFRcIOgKBMiOBP+eXiyT7jsgVCq1bkVygt00oASowB7EdtpOHaaPgKt812P9ab+DDKA==

ipjs@^5.2.0:
  version "5.2.0"
  resolved "https://registry.yarnpkg.com/ipjs/-/ipjs-5.2.0.tgz#6ffced7c15e1abcd3963a272a57556e0890e65b1"
  integrity sha512-dTm7LmiwMUbw0+d6rlScaf61bfxkUZYmgnxrWqIgMz+sHp7yvCyJBJFy28RBrToWepNsSzwT7X72FdrFaFwMSQ==
  dependencies:
    "@tgrajewski/rmtree" "^1.0.1"
    acorn "^8.0.5"
    escodegen "^2.0.0"
    esm-ast-to-cjs "^0.0.2"
    rollup "^2.38.1"
    rollup-plugin-preserve-shebangs "^0.2.0"

levn@~0.3.0:
  version "0.3.0"
  resolved "https://registry.yarnpkg.com/levn/-/levn-0.3.0.tgz#3b09924edf9f083c0490fdd4c0bc4421e04764ee"
  integrity sha512-0OO4y2iOHix2W6ujICbKIaEQXvFQHue65vUG3pb5EUomzPI90z9hsA1VsO/dbIIpC53J8gxM9Q4Oho0jrCM/yA==
  dependencies:
    prelude-ls "~1.1.2"
    type-check "~0.3.2"

magic-string@^0.25.7:
  version "0.25.9"
  resolved "https://registry.yarnpkg.com/magic-string/-/magic-string-0.25.9.tgz#de7f9faf91ef8a1c91d02c2e5314c8277dbcdd1c"
  integrity sha512-RmF0AsMzgt25qzqqLc1+MbHmhdx0ojF2Fvs4XnOqz2ZOBXzzkEwc/dJQZCYHAn7v1jbVOjAZfK8msRn4BxO4VQ==
  dependencies:
    sourcemap-codec "^1.4.8"

multiformats@^9.5.4, multiformats@^9.6.4:
  version "9.7.1"
  resolved "https://registry.yarnpkg.com/multiformats/-/multiformats-9.7.1.tgz#ab348e5fd6f8e7fb3fd56033211bda48854e2173"
  integrity sha512-TaVmGEBt0fhxiNJMGphBfB+oGvUxFs8KgGvgl8d3C+GWtrFcvXdJ2196eg+dYhmSFClmgFfSfJEklo+SZzdNuw==

node-fetch@2.6.7:
  version "2.6.7"
  resolved "https://registry.yarnpkg.com/node-fetch/-/node-fetch-2.6.7.tgz#24de9fba827e3b4ae44dc8b20256a379160052ad"
  integrity sha512-ZjMPFEfVx5j+y2yF35Kzx5sF7kDzxuDj6ziH4FFbOp87zKDZNx8yExJIb05OGF4Nlt9IHFIMBkRl41VdvcNdbQ==
  dependencies:
    whatwg-url "^5.0.0"

optionator@^0.8.1:
  version "0.8.3"
  resolved "https://registry.yarnpkg.com/optionator/-/optionator-0.8.3.tgz#84fa1d036fe9d3c7e21d99884b601167ec8fb495"
  integrity sha512-+IW9pACdk3XWmmTXG8m3upGUJst5XRGzxMRjXzAuJ1XnIFNvfhjjIuYkDvysnPQ7qzqVzLt78BCruntqRhWQbA==
  dependencies:
    deep-is "~0.1.3"
    fast-levenshtein "~2.0.6"
    levn "~0.3.0"
    prelude-ls "~1.1.2"
    type-check "~0.3.2"
    word-wrap "~1.2.3"

prelude-ls@~1.1.2:
  version "1.1.2"
  resolved "https://registry.yarnpkg.com/prelude-ls/-/prelude-ls-1.1.2.tgz#21932a549f5e52ffd9a827f570e04be62a97da54"
  integrity sha512-ESF23V4SKG6lVSGZgYNpbsiaAkdab6ZgOxe52p7+Kid3W3u3bxR4Vfd/o21dmN7jSt0IwgZ4v5MUd26FEtXE9w==

rollup-plugin-preserve-shebangs@^0.2.0:
  version "0.2.0"
  resolved "https://registry.yarnpkg.com/rollup-plugin-preserve-shebangs/-/rollup-plugin-preserve-shebangs-0.2.0.tgz#e48894c1f68c6fd54b0de10bd26906224d5dc7cd"
  integrity sha512-OEyTIfZwUJ7yUAVAbegac/bNvp1WJzgZcQNCFprWX42wwwOqlJwrev9lUmzZdYVgCWct+03xUPvZg4RfgkM9oQ==
  dependencies:
    magic-string "^0.25.7"

rollup@^2.38.1:
  version "2.77.2"
  resolved "https://registry.yarnpkg.com/rollup/-/rollup-2.77.2.tgz#6b6075c55f9cc2040a5912e6e062151e42e2c4e3"
  integrity sha512-m/4YzYgLcpMQbxX3NmAqDvwLATZzxt8bIegO78FZLl+lAgKJBd1DRAOeEiZcKOIOPjxE6ewHWHNgGEalFXuz1g==
  optionalDependencies:
    fsevents "~2.3.2"

source-map@~0.6.1:
  version "0.6.1"
  resolved "https://registry.yarnpkg.com/source-map/-/source-map-0.6.1.tgz#74722af32e9614e9c287a8d0bbde48b5e2f1a263"
  integrity sha512-UjgapumWlbMhkBgzT7Ykc5YXUT46F0iKu8SGXq0bcwP5dz/h0Plj6enJqjz1Zbq2l5WaqYnrVbwWOWMyF3F47g==

sourcemap-codec@^1.4.8:
  version "1.4.8"
  resolved "https://registry.yarnpkg.com/sourcemap-codec/-/sourcemap-codec-1.4.8.tgz#ea804bd94857402e6992d05a38ef1ae35a9ab4c4"
  integrity sha512-9NykojV5Uih4lgo5So5dtw+f0JgJX30KCNI8gwhz2J9A15wD0Ml6tjHKwf6fTSa6fAdVBdZeNOs9eJ71qCk8vA==

tr46@~0.0.3:
  version "0.0.3"
  resolved "https://registry.yarnpkg.com/tr46/-/tr46-0.0.3.tgz#8184fd347dac9cdc185992f3a6622e14b9d9ab6a"
  integrity sha512-N3WMsuqV66lT30CrXNbEjx4GEwlow3v6rr4mCcv6prnfwhS01rkgyFdjPNBYd9br7LpXV1+Emh01fHnq2Gdgrw==

tweetnacl@^1.0.3:
  version "1.0.3"
  resolved "https://registry.yarnpkg.com/tweetnacl/-/tweetnacl-1.0.3.tgz#ac0af71680458d8a6378d0d0d050ab1407d35596"
  integrity sha512-6rt+RN7aOi1nGMyC4Xa5DdYiukl2UWCbcJft7YhxReBGQD7OAM8Pbxw6YMo4r2diNEA8FEmu32YOn9rhaiE5yw==

type-check@~0.3.2:
  version "0.3.2"
  resolved "https://registry.yarnpkg.com/type-check/-/type-check-0.3.2.tgz#5884cab512cf1d355e3fb784f30804b2b520db72"
  integrity sha512-ZCmOJdvOWDBYJlzAoFkC+Q0+bUyEOS1ltgp1MGU03fqHG+dbi9tBFU2Rd9QKiDZFAYrhPh2JUf7rZRIuHRKtOg==
  dependencies:
    prelude-ls "~1.1.2"

varint@^6.0.0:
  version "6.0.0"
  resolved "https://registry.yarnpkg.com/varint/-/varint-6.0.0.tgz#9881eb0ce8feaea6512439d19ddf84bf551661d0"
  integrity sha512-cXEIW6cfr15lFv563k4GuVuW/fiwjknytD37jIOLSdSWuOI6WnO/oKwmP2FQTU2l01LP8/M5TSAJpzUaGe3uWg==

webidl-conversions@^3.0.0:
  version "3.0.1"
  resolved "https://registry.yarnpkg.com/webidl-conversions/-/webidl-conversions-3.0.1.tgz#24534275e2a7bc6be7bc86611cc16ae0a5654871"
  integrity sha512-2JAn3z8AR6rjK8Sm8orRC0h/bcl/DqL7tRPdGZ4I1CjdF+EaMLmYxBHyXuKL849eucPFhvBoxMsflfOb8kxaeQ==

whatwg-url@^5.0.0:
  version "5.0.0"
  resolved "https://registry.yarnpkg.com/whatwg-url/-/whatwg-url-5.0.0.tgz#966454e8765462e37644d3626f6742ce8b70965d"
  integrity sha512-saE57nupxk6v3HY35+jzBwYa0rKSy0XR8JSxZPwgLr7ys0IBzhGviA1/TUGJLmSVqs8pb9AnvICXEuOHLprYTw==
  dependencies:
    tr46 "~0.0.3"
    webidl-conversions "^3.0.0"

word-wrap@~1.2.3:
  version "1.2.3"
  resolved "https://registry.yarnpkg.com/word-wrap/-/word-wrap-1.2.3.tgz#610636f6b1f703891bd34771ccb17fb93b47079c"
  integrity sha512-Hz/mrNwitNRh/HUAtM/VT/5VH+ygD6DV7mYKZAtHOrbs8U7lvPS6xf7EJKMF0uW1KJCl0H701g3ZGus+muE5vQ==
