# THIS IS AN AUTOGENERATED FILE. DO NOT EDIT THIS FILE DIRECTLY.
# yarn lockfile v1


"@babel/parser@^7.9.4":
  version "7.18.11"
  resolved "https://registry.yarnpkg.com/@babel/parser/-/parser-7.18.11.tgz#68bb07ab3d380affa9a3f96728df07969645d2d9"
  integrity sha512-9JKn5vN+hDt0Hdqn1PiJ2guflwP+B6Ga8qbDuoF0PzzVhrzsKIJo8yGqVk6CmMHiMei9w1C1Bp9IMJSIK+HPIQ==

"@ipld/car@^4.1.0":
  version "4.1.4"
  resolved "https://registry.yarnpkg.com/@ipld/car/-/car-4.1.4.tgz#6860f89ad1f7cd29c1f3254df068a4a1dc01da1f"
  integrity sha512-qJs1DoHklninRmwVfyQrp9+wDLIo4JAhkXBx6XSA9fsvAELA0WJOc2bNL6G2zg0MQQPrr5XEJd72ft1apWwMng==
  dependencies:
    "@ipld/dag-cbor" "^7.0.0"
    cborg "^1.9.0"
    multiformats "^9.5.4"
    varint "^6.0.0"

"@ipld/dag-cbor@^7.0.0", "@ipld/dag-cbor@^7.0.1":
  version "7.0.2"
  resolved "https://registry.yarnpkg.com/@ipld/dag-cbor/-/dag-cbor-7.0.2.tgz#a64c2ae6fa32decf655fbb9bee8f543cfae4c3f6"
  integrity sha512-V9EhJVWXqzjjRs0kiZfUXOaq8y6R2C4AAmfGoMeszqGOBgfACr5tFAgAwZY0e8z/OpmJWpCrZhzPRTZV0c/gjA==
  dependencies:
    cborg "^1.6.0"
    multiformats "^9.5.4"

"@ipld/dag-json@^8.0.9":
  version "8.0.10"
  resolved "https://registry.yarnpkg.com/@ipld/dag-json/-/dag-json-8.0.10.tgz#16ebb2315fb4a604cc18ecbb3ebd5b488397d7d8"
  integrity sha512-fny24vxVtgAv7aKmAikZq86kikp56knZL/77eyXUsrgGRGtkx9D1awemKbhIVw/7S5nBbP43m/AZwxNPVpP5eg==
  dependencies:
    cborg "^1.5.4"
    multiformats "^9.5.4"

"@ipld/dag-ucan@^1.7.0-beta":
  version "1.7.0-beta"
  resolved "https://registry.yarnpkg.com/@ipld/dag-ucan/-/dag-ucan-1.7.0-beta.tgz#cec8a51055dc74d0dd94c2bb1d446411a03847c9"
  integrity sha512-QLGz2IyAiNlT09pwvC2RnZJ2dyUqil5aRN2KLvGpShaTWGlCpCFGJzkn9M1kA04M96S3pJaIV2uxPBSVnjgvcg==
  dependencies:
    "@ipld/dag-cbor" "^7.0.1"
    "@ipld/dag-json" "^8.0.9"
    multiformats "^9.6.4"

"@noble/ed25519@^1.6.1":
  version "1.6.1"
  resolved "https://registry.yarnpkg.com/@noble/ed25519/-/ed25519-1.6.1.tgz#bad3e77008c7825a0859304ab8b4177703cd438d"
  integrity sha512-Gptpue6qPmg7p1E5LBO5GDtXw5WMc2DVtUmu4EQequOcoCvum1dT9sY6s9M8aSJWq9YopCN4jmTOAvqMdw3q7w==

"@tgrajewski/rmtree@^1.0.1":
  version "1.0.1"
  resolved "https://registry.yarnpkg.com/@tgrajewski/rmtree/-/rmtree-1.0.1.tgz#e29d350379bf270290c06f55df47110331571eb4"
  integrity sha512-sbmprNcoyALNGlu/kCS55T9zBMi40OZ8eLaGGwOnEg0Pu40PqQI57yz2Cb99/Jq7PfCpLVSqg8lQoRF5NAyEmg==

"@types/linkify-it@*":
  version "3.0.2"
  resolved "https://registry.yarnpkg.com/@types/linkify-it/-/linkify-it-3.0.2.tgz#fd2cd2edbaa7eaac7e7f3c1748b52a19143846c9"
  integrity sha512-HZQYqbiFVWufzCwexrvh694SOim8z2d+xJl5UNamcvQFejLY/2YUtzXHYi3cHdI7PMlS8ejH2slRAOJQ32aNbA==

"@types/markdown-it@^12.2.3":
  version "12.2.3"
  resolved "https://registry.yarnpkg.com/@types/markdown-it/-/markdown-it-12.2.3.tgz#0d6f6e5e413f8daaa26522904597be3d6cd93b51"
  integrity sha512-GKMHFfv3458yYy+v/N8gjufHO6MSZKCOXpZc5GXIWWy8uldwfmPn98vp81gZ5f9SVw8YYBctgfJ22a2d7AOMeQ==
  dependencies:
    "@types/linkify-it" "*"
    "@types/mdurl" "*"

"@types/mdurl@*":
  version "1.0.2"
  resolved "https://registry.yarnpkg.com/@types/mdurl/-/mdurl-1.0.2.tgz#e2ce9d83a613bacf284c7be7d491945e39e1f8e9"
  integrity sha512-eC4U9MlIcu2q0KQmXszyn5Akca/0jrQmwDRgpAMJai7qBWq4amIQhZyNau4VYGtCeALvW1/NtjzJJ567aZxfKA==

"@ucanto/authority@^0.5.0":
  version "0.5.0"
  resolved "https://registry.yarnpkg.com/@ucanto/authority/-/authority-0.5.0.tgz#17be40763d65a4d53a41ed1ccba49006e07ffc90"
  integrity sha512-TML+6Xqu8H3+Nti0ko3Sqi15uh6dXCUZQ4W+GFuGXyZ8yss6VxarK6uB7cG0KQlt3Nejok6cYHuzq5Hou5IsCA==
  dependencies:
    "@ipld/dag-ucan" "^1.7.0-beta"
    "@noble/ed25519" "^1.6.1"
    "@ucanto/interface" "^0.7.0"
    multiformats "^9.6.4"

"@ucanto/client@0.6.0":
  version "0.6.0"
  resolved "https://registry.yarnpkg.com/@ucanto/client/-/client-0.6.0.tgz#51ce5e49bc750dc034c95c2f537ce64bdf308a66"
  integrity sha512-TUYfclxZEMAqz9oKt0MWN06flSuUOEPG6AOAVirs1w1FelKap/fpeDzhVh36Gce9EQHrcucyv7NbpMpBaWVG1w==
  dependencies:
    "@ucanto/interface" "^0.7.0"
    multiformats "^9.6.4"

"@ucanto/core@^0.6.0":
  version "0.6.0"
  resolved "https://registry.yarnpkg.com/@ucanto/core/-/core-0.6.0.tgz#dabb948a25501820997b6acdd1c4ce8dabb94508"
  integrity sha512-j1TIHAei56OiukA3YsE6mk4IX0KUSD/HINv50aUQu4w7XIrtmXk4RgUbDIVRxdat6QugKfjHZoXbjGehlTjPzA==
  dependencies:
    "@ipld/car" "^4.1.0"
    "@ipld/dag-cbor" "^7.0.1"
    "@ipld/dag-ucan" "^1.7.0-beta"
    "@ucanto/interface" "^0.7.0"
    multiformats "^9.6.4"

"@ucanto/interface@^0.7.0":
  version "0.7.0"
  resolved "https://registry.yarnpkg.com/@ucanto/interface/-/interface-0.7.0.tgz#9d7b80a101e114e2c2e9b709f7c4c03a2fa9d51f"
  integrity sha512-H6zxnq06ZUuyVfuDpoUTvlfN4YBt6DGa55yo9/MTn4W9YkUzsathfc8jXl3wLzpUnA17hejEZZbmymaDQm03uA==
  dependencies:
    "@ipld/dag-ucan" "^1.7.0-beta"
    multiformats "^9.6.4"

"@ucanto/transport@^0.7.0":
  version "0.7.0"
  resolved "https://registry.yarnpkg.com/@ucanto/transport/-/transport-0.7.0.tgz#e1019c738808ee70c9c45b02e752e357e76745d1"
  integrity sha512-ORj80wMpjIwbd2xXx4qoTUS5Vm5KLFQcHAg6jGwX2FFTUm+pNo+adooZ3sU8AkvKk8qCzHxOYgD8cIY1Sk+FmA==
  dependencies:
    "@ipld/car" "^4.1.0"
    "@ipld/dag-cbor" "^7.0.1"
    "@ucanto/core" "^0.6.0"
    "@ucanto/interface" "^0.7.0"
    multiformats "^9.6.4"

"@ucanto/validator@^0.6.0":
  version "0.6.0"
  resolved "https://registry.yarnpkg.com/@ucanto/validator/-/validator-0.6.0.tgz#0745ef54b6b677e9692f138c05bdd408f41f9b9d"
  integrity sha512-mUhdaWFN/amf/M2xOLzRSP9JjWgMK5G4/iDcfN0szMBkd6kgDk91i4d1pf38rMz2xof/69yqSLF1up1ZBv7p4Q==
  dependencies:
    "@ipld/car" "^4.1.0"
    "@ipld/dag-cbor" "^7.0.1"
    "@ucanto/core" "^0.6.0"
    "@ucanto/interface" "^0.7.0"
    multiformats "^9.6.4"

acorn@^8.0.5:
  version "8.8.0"
  resolved "https://registry.yarnpkg.com/acorn/-/acorn-8.8.0.tgz#88c0187620435c7f6015803f5539dae05a9dbea8"
  integrity sha512-QOxyigPVrpZ2GXT+PFyZTl6TtOFc5egxHIP9IlQ+RbupQuX4RkT/Bee4/kQuC02Xkzg84JcT7oLYtDIQxp+v7w==

ansi-escape-sequences@^4.0.0:
  version "4.1.0"
  resolved "https://registry.yarnpkg.com/ansi-escape-sequences/-/ansi-escape-sequences-4.1.0.tgz#2483c8773f50dd9174dd9557e92b1718f1816097"
  integrity sha512-dzW9kHxH011uBsidTXd14JXgzye/YLb2LzeKZ4bsgl/Knwx8AtbSFkkGxagdNOoh0DlqHCmfiEjWKBaqjOanVw==
  dependencies:
    array-back "^3.0.1"

argparse@^2.0.1:
  version "2.0.1"
  resolved "https://registry.yarnpkg.com/argparse/-/argparse-2.0.1.tgz#246f50f3ca78a3240f6c997e8a9bd1eac49e4b38"
  integrity sha512-8+9WqebbFzpX9OR+Wa6O29asIogeRMzcGtAINdpMHHyAg10f05aSFVBbcEqGf/PXw1EjAZ+q2/bEBg3DvurK3Q==

array-back@^1.0.2, array-back@^1.0.3:
  version "1.0.4"
  resolved "https://registry.yarnpkg.com/array-back/-/array-back-1.0.4.tgz#644ba7f095f7ffcf7c43b5f0dc39d3c1f03c063b"
  integrity sha512-1WxbZvrmyhkNoeYcizokbmh5oiOCIfyvGtcqbK3Ls1v1fKcquzxnQSceOx6tzq7jmai2kFLWIpGND2cLhH6TPw==
  dependencies:
    typical "^2.6.0"

array-back@^2.0.0:
  version "2.0.0"
  resolved "https://registry.yarnpkg.com/array-back/-/array-back-2.0.0.tgz#6877471d51ecc9c9bfa6136fb6c7d5fe69748022"
  integrity sha512-eJv4pLLufP3g5kcZry0j6WXpIbzYw9GUB4mVJZno9wfwiBxbizTnHCw3VJb07cBihbFX48Y7oSrW9y+gt4glyw==
  dependencies:
    typical "^2.6.1"

array-back@^3.0.1, array-back@^3.1.0:
  version "3.1.0"
  resolved "https://registry.yarnpkg.com/array-back/-/array-back-3.1.0.tgz#b8859d7a508871c9a7b2cf42f99428f65e96bfb0"
  integrity sha512-TkuxA4UCOvxuDK6NZYXCalszEzj+TLszyASooky+i742l9TqsOdYCMJJupxRic61hwquNtppB3hgcuq9SVSH1Q==

array-back@^4.0.1:
  version "4.0.2"
  resolved "https://registry.yarnpkg.com/array-back/-/array-back-4.0.2.tgz#8004e999a6274586beeb27342168652fdb89fa1e"
  integrity sha512-NbdMezxqf94cnNfWLL7V/im0Ub+Anbb0IoZhvzie8+4HJ4nMQuzHuy49FkGYCJK2yAloZ3meiB6AVMClbrI1vg==

array-back@^5.0.0:
  version "5.0.0"
  resolved "https://registry.yarnpkg.com/array-back/-/array-back-5.0.0.tgz#e196609edcec48376236d163958df76e659a0d36"
  integrity sha512-kgVWwJReZWmVuWOQKEOohXKJX+nD02JAZ54D1RRWlv8L0NebauKAaFxACKzB74RTclt1+WNz5KHaLRDAPZbDEw==

array-back@^6.2.2:
  version "6.2.2"
  resolved "https://registry.yarnpkg.com/array-back/-/array-back-6.2.2.tgz#f567d99e9af88a6d3d2f9dfcc21db6f9ba9fd157"
  integrity sha512-gUAZ7HPyb4SJczXAMUXMGAvI976JoK3qEx9v1FTmeYuJj0IBiaKttG1ydtGKdkfqWkIkouke7nG8ufGy77+Cvw==

balanced-match@^1.0.0:
  version "1.0.2"
  resolved "https://registry.yarnpkg.com/balanced-match/-/balanced-match-1.0.2.tgz#e83e3a7e3f300b34cb9d87f615fa0cbf357690ee"
  integrity sha512-3oSeUO0TMV67hN1AmbXsK4yaqU7tjiHlbxRDZOpH0KW9+CeX4bRAaX0Anxt0tx2MrpRpWwQaPwIlISEJhYU5Pw==

bluebird@^3.7.2:
  version "3.7.2"
  resolved "https://registry.yarnpkg.com/bluebird/-/bluebird-3.7.2.tgz#9f229c15be272454ffa973ace0dbee79a1b0c36f"
  integrity sha512-XpNj6GDQzdfW+r2Wnn7xiSAd7TM3jzkxGXBGTtWKuSXv1xUV+azxAm8jdWZN06QTQk+2N2XB9jRDkvbmQmcRtg==

brace-expansion@^1.1.7:
  version "1.1.11"
  resolved "https://registry.yarnpkg.com/brace-expansion/-/brace-expansion-1.1.11.tgz#3c7fcbf529d87226f3d2f52b966ff5271eb441dd"
  integrity sha512-iCuPHDFgrHX7H2vEI/5xpz07zSHB00TpugqhmYtVmMO6518mCuRMoOYFldEBl0g187ufozdaHgWKcYFb61qGiA==
  dependencies:
    balanced-match "^1.0.0"
    concat-map "0.0.1"

cache-point@^2.0.0:
  version "2.0.0"
  resolved "https://registry.yarnpkg.com/cache-point/-/cache-point-2.0.0.tgz#91e03c38da9cfba9d95ac6a34d24cfe6eff8920f"
  integrity sha512-4gkeHlFpSKgm3vm2gJN5sPqfmijYRFYCQ6tv5cLw0xVmT6r1z1vd4FNnpuOREco3cBs1G709sZ72LdgddKvL5w==
  dependencies:
    array-back "^4.0.1"
    fs-then-native "^2.0.0"
    mkdirp2 "^1.0.4"

catharsis@^0.9.0:
  version "0.9.0"
  resolved "https://registry.yarnpkg.com/catharsis/-/catharsis-0.9.0.tgz#40382a168be0e6da308c277d3a2b3eb40c7d2121"
  integrity sha512-prMTQVpcns/tzFgFVkVp6ak6RykZyWb3gu8ckUpd6YkTlacOd3DXGJjIpD4Q6zJirizvaiAjSSHlOsA+6sNh2A==
  dependencies:
    lodash "^4.17.15"

cborg@^1.5.4, cborg@^1.6.0, cborg@^1.9.0:
  version "1.9.4"
  resolved "https://registry.yarnpkg.com/cborg/-/cborg-1.9.4.tgz#85354ee6e0fe017dd34e300c3dcd044407a27800"
  integrity sha512-ltobKo17xKYJolhg8UxQhvzcqXhjtUnovwe9Xx59Izo32gLwozGoJs/efp+8dZ5+zu9pNJYnHtmp6iJnDUapww==

collect-all@^1.0.4:
  version "1.0.4"
  resolved "https://registry.yarnpkg.com/collect-all/-/collect-all-1.0.4.tgz#50cd7119ac24b8e12a661f0f8c3aa0ea7222ddfc"
  integrity sha512-RKZhRwJtJEP5FWul+gkSMEnaK6H3AGPTTWOiRimCcs+rc/OmQE3Yhy1Q7A7KsdkG3ZXVdZq68Y6ONSdvkeEcKA==
  dependencies:
    stream-connect "^1.0.2"
    stream-via "^1.0.4"

command-line-args@^5.0.0:
  version "5.2.1"
  resolved "https://registry.yarnpkg.com/command-line-args/-/command-line-args-5.2.1.tgz#c44c32e437a57d7c51157696893c5909e9cec42e"
  integrity sha512-H4UfQhZyakIjC74I9d34fGYDwk3XpSr17QhEd0Q3I9Xq1CETHo4Hcuo87WyWHpAF1aSLjLRf5lD9ZGX2qStUvg==
  dependencies:
    array-back "^3.1.0"
    find-replace "^3.0.0"
    lodash.camelcase "^4.3.0"
    typical "^4.0.0"

command-line-tool@^0.8.0:
  version "0.8.0"
  resolved "https://registry.yarnpkg.com/command-line-tool/-/command-line-tool-0.8.0.tgz#b00290ef1dfc11cc731dd1f43a92cfa5f21e715b"
  integrity sha512-Xw18HVx/QzQV3Sc5k1vy3kgtOeGmsKIqwtFFoyjI4bbcpSgnw2CWVULvtakyw4s6fhyAdI6soQQhXc2OzJy62g==
  dependencies:
    ansi-escape-sequences "^4.0.0"
    array-back "^2.0.0"
    command-line-args "^5.0.0"
    command-line-usage "^4.1.0"
    typical "^2.6.1"

command-line-usage@^4.1.0:
  version "4.1.0"
  resolved "https://registry.yarnpkg.com/command-line-usage/-/command-line-usage-4.1.0.tgz#a6b3b2e2703b4dcf8bd46ae19e118a9a52972882"
  integrity sha512-MxS8Ad995KpdAC0Jopo/ovGIroV/m0KHwzKfXxKag6FHOkGsH8/lv5yjgablcRxCJJC0oJeUMuO/gmaq+Wq46g==
  dependencies:
    ansi-escape-sequences "^4.0.0"
    array-back "^2.0.0"
    table-layout "^0.4.2"
    typical "^2.6.1"

common-sequence@^2.0.2:
  version "2.0.2"
  resolved "https://registry.yarnpkg.com/common-sequence/-/common-sequence-2.0.2.tgz#accc76bdc5876a1fcd92b73484d4285fff99d838"
  integrity sha512-jAg09gkdkrDO9EWTdXfv80WWH3yeZl5oT69fGfedBNS9pXUKYInVJ1bJ+/ht2+Moeei48TmSbQDYMc8EOx9G0g==

concat-map@0.0.1:
  version "0.0.1"
  resolved "https://registry.yarnpkg.com/concat-map/-/concat-map-0.0.1.tgz#d8a96bd77fd68df7793a73036a3ba0d5405d477b"
  integrity sha512-/Srv4dswyQNBfohGpz9o6Yb3Gz3SrUDqBH5rTuhGR7ahtlbYKnVxw2bCFMRljaA7EXHaXZ8wsHdodFvbkhKmqg==

config-master@^3.1.0:
  version "3.1.0"
  resolved "https://registry.yarnpkg.com/config-master/-/config-master-3.1.0.tgz#667663590505a283bf26a484d68489d74c5485da"
  integrity sha512-n7LBL1zBzYdTpF1mx5DNcZnZn05CWIdsdvtPL4MosvqbBUK3Rq6VWEtGUuF3Y0s9/CIhMejezqlSkP6TnCJ/9g==
  dependencies:
    walk-back "^2.0.1"

cross-fetch@^3.1.5:
  version "3.1.5"
  resolved "https://registry.yarnpkg.com/cross-fetch/-/cross-fetch-3.1.5.tgz#e1389f44d9e7ba767907f7af8454787952ab534f"
  integrity sha512-lvb1SBsI0Z7GDwmuid+mU3kWVBwTVUbe7S0H52yaaAdQOXq2YktTCZdlAcNKFzE6QtRz0snpw9bNiPeOIkkQvw==
  dependencies:
    node-fetch "2.6.7"

deep-extend@~0.6.0:
  version "0.6.0"
  resolved "https://registry.yarnpkg.com/deep-extend/-/deep-extend-0.6.0.tgz#c4fa7c95404a17a9c3e8ca7e1537312b736330ac"
  integrity sha512-LOHxIOaPYdHlJRtCQfDIVZtfw/ufM8+rVj649RIHzcm/vGwQRXFt6OPqIFWsm2XEMrNIEtWR64sY1LEKD2vAOA==

deep-is@~0.1.3:
  version "0.1.4"
  resolved "https://registry.yarnpkg.com/deep-is/-/deep-is-0.1.4.tgz#a6f2dce612fadd2ef1f519b73551f17e85199831"
  integrity sha512-oIPzksmTg4/MriiaYGO+okXDT7ztn/w3Eptv/+gSIdMdKsJo0u4CfYNFJPy+4SKMuCqGw2wxnA+URMg3t8a/bQ==

dmd@^6.1.0:
  version "6.1.0"
  resolved "https://registry.yarnpkg.com/dmd/-/dmd-6.1.0.tgz#f8955ab250a381e0ea63dcbb404c4acdd7d6175d"
  integrity sha512-0zQIJ873gay1scCTFZvHPWM9mVJBnaylB2NQDI8O9u8O32m00Jb6uxDKexZm8hjTRM7RiWe0FJ32pExHoXdwoQ==
  dependencies:
    array-back "^6.2.2"
    cache-point "^2.0.0"
    common-sequence "^2.0.2"
    file-set "^4.0.2"
    handlebars "^4.7.7"
    marked "^4.0.12"
    object-get "^2.1.1"
    reduce-flatten "^3.0.1"
    reduce-unique "^2.0.1"
    reduce-without "^1.0.1"
    test-value "^3.0.0"
    walk-back "^5.1.0"

entities@~2.1.0:
  version "2.1.0"
  resolved "https://registry.yarnpkg.com/entities/-/entities-2.1.0.tgz#992d3129cf7df6870b96c57858c249a120f8b8b5"
  integrity sha512-hCx1oky9PFrJ611mf0ifBLBRW8lUUVRlFolb5gWRfIELabBlbp9xZvrqZLZAs+NxFnbfQoeGd8wDkygjg7U85w==

escape-string-regexp@^2.0.0:
  version "2.0.0"
  resolved "https://registry.yarnpkg.com/escape-string-regexp/-/escape-string-regexp-2.0.0.tgz#a30304e99daa32e23b2fd20f51babd07cffca344"
  integrity sha512-UpzcLCXolUWcNu5HtVMHYdXJjArjsF9C0aNnquZYY4uW/Vu0miy5YoWvbV345HauVvcAUnpRuhMMcqTcGOY2+w==

escodegen@^2.0.0:
  version "2.0.0"
  resolved "https://registry.yarnpkg.com/escodegen/-/escodegen-2.0.0.tgz#5e32b12833e8aa8fa35e1bf0befa89380484c7dd"
  integrity sha512-mmHKys/C8BFUGI+MAWNcSYoORYLMdPzjrknd2Vc+bUsjN5bXcr8EhrNB+UTqfL1y3I9c4fw2ihgtMPQLBRiQxw==
  dependencies:
    esprima "^4.0.1"
    estraverse "^5.2.0"
    esutils "^2.0.2"
    optionator "^0.8.1"
  optionalDependencies:
    source-map "~0.6.1"

esm-ast-to-cjs@^0.0.2:
  version "0.0.2"
  resolved "https://registry.yarnpkg.com/esm-ast-to-cjs/-/esm-ast-to-cjs-0.0.2.tgz#80ffa230b939cd33e5cdbe4a7806d0ad462825f0"
  integrity sha512-LG52tXjWthh4tXssCCYWbR6wb6yXlx98B9XGYnZiRufA7RM8ej11KxclSGb9qKvDu/cp37F1pbOyTkr5WcJUkA==

esprima@^4.0.1:
  version "4.0.1"
  resolved "https://registry.yarnpkg.com/esprima/-/esprima-4.0.1.tgz#13b04cdb3e6c5d19df91ab6987a8695619b0aa71"
  integrity sha512-eGuFFw7Upda+g4p+QHvnW0RyTX/SVeJBDM/gCtMARO0cLuT2HcEKnTPvhjV6aGeqrCB/sbNop0Kszm0jsaWU4A==

estraverse@^5.2.0:
  version "5.3.0"
  resolved "https://registry.yarnpkg.com/estraverse/-/estraverse-5.3.0.tgz#2eea5290702f26ab8fe5370370ff86c965d21123"
  integrity sha512-MMdARuVEQziNTeJD8DgMqmhwR11BRQ/cBP+pLtYdSTnf3MIO8fFeiINEbX36ZdNlfU/7A9f3gUw49B3oQsvwBA==

esutils@^2.0.2:
  version "2.0.3"
  resolved "https://registry.yarnpkg.com/esutils/-/esutils-2.0.3.tgz#74d2eb4de0b8da1293711910d50775b9b710ef64"
  integrity sha512-kVscqXk4OCp68SZ0dkgEKVi6/8ij300KBWTJq32P/dYeWTSwK41WyTxalN1eRmA5Z9UU/LX9D7FWSmV9SAYx6g==

fast-levenshtein@~2.0.6:
  version "2.0.6"
  resolved "https://registry.yarnpkg.com/fast-levenshtein/-/fast-levenshtein-2.0.6.tgz#3d8a5c66883a16a30ca8643e851f19baa7797917"
  integrity sha512-DCXu6Ifhqcks7TZKY3Hxp3y6qphY5SJZmrWMDrKcERSOXWQdMhU9Ig/PYrzyw/ul9jOIyh0N4M0tbC5hodg8dw==

file-set@^4.0.2:
  version "4.0.2"
  resolved "https://registry.yarnpkg.com/file-set/-/file-set-4.0.2.tgz#8d67c92a864202c2085ac9f03f1c9909c7e27030"
  integrity sha512-fuxEgzk4L8waGXaAkd8cMr73Pm0FxOVkn8hztzUW7BAHhOGH90viQNXbiOsnecCWmfInqU6YmAMwxRMdKETceQ==
  dependencies:
    array-back "^5.0.0"
    glob "^7.1.6"

find-replace@^3.0.0:
  version "3.0.0"
  resolved "https://registry.yarnpkg.com/find-replace/-/find-replace-3.0.0.tgz#3e7e23d3b05167a76f770c9fbd5258b0def68c38"
  integrity sha512-6Tb2myMioCAgv5kfvP5/PkZZ/ntTpVK39fHY7WkWBgvbeE+VHd/tZuZ4mrC+bxh4cfOZeYKVPaJIZtZXV7GNCQ==
  dependencies:
    array-back "^3.0.1"

fs-then-native@^2.0.0:
  version "2.0.0"
  resolved "https://registry.yarnpkg.com/fs-then-native/-/fs-then-native-2.0.0.tgz#19a124d94d90c22c8e045f2e8dd6ebea36d48c67"
  integrity sha512-X712jAOaWXkemQCAmWeg5rOT2i+KOpWz1Z/txk/cW0qlOu2oQ9H61vc5w3X/iyuUEfq/OyaFJ78/cZAQD1/bgA==

fs.realpath@^1.0.0:
  version "1.0.0"
  resolved "https://registry.yarnpkg.com/fs.realpath/-/fs.realpath-1.0.0.tgz#1504ad2523158caa40db4a2787cb01411994ea4f"
  integrity sha512-OO0pH2lK6a0hZnAdau5ItzHPI6pUlvI7jMVnxUQRtw4owF2wk8lOSabtGDCTP4Ggrg2MbGnWO9X8K1t4+fGMDw==

fsevents@~2.3.2:
  version "2.3.2"
  resolved "https://registry.yarnpkg.com/fsevents/-/fsevents-2.3.2.tgz#8a526f78b8fdf4623b709e0b975c52c24c02fd1a"
  integrity sha512-xiqMQR4xAeHTuB9uWm+fFRcIOgKBMiOBP+eXiyT7jsgVCq1bkVygt00oASowB7EdtpOHaaPgKt812P9ab+DDKA==

glob@^7.1.6:
  version "7.2.3"
  resolved "https://registry.yarnpkg.com/glob/-/glob-7.2.3.tgz#b8df0fb802bbfa8e89bd1d938b4e16578ed44f2b"
  integrity sha512-nFR0zLpU2YCaRxwoCJvL6UvCH2JFyFVIvwTLsIf21AuHlMskA1hhTdk+LlYJtOlYt9v6dvszD2BGRqBL+iQK9Q==
  dependencies:
    fs.realpath "^1.0.0"
    inflight "^1.0.4"
    inherits "2"
    minimatch "^3.1.1"
    once "^1.3.0"
    path-is-absolute "^1.0.0"

graceful-fs@^4.1.9:
  version "4.2.10"
  resolved "https://registry.yarnpkg.com/graceful-fs/-/graceful-fs-4.2.10.tgz#147d3a006da4ca3ce14728c7aefc287c367d7a6c"
  integrity sha512-9ByhssR2fPVsNZj478qUUbKfmL0+t5BDVyjShtyZZLiK7ZDAArFFfopyOTj0M05wE2tJPisA4iTnnXl2YoPvOA==

handlebars@^4.7.7:
  version "4.7.7"
  resolved "https://registry.yarnpkg.com/handlebars/-/handlebars-4.7.7.tgz#9ce33416aad02dbd6c8fafa8240d5d98004945a1"
  integrity sha512-aAcXm5OAfE/8IXkcZvCepKU3VzW1/39Fb5ZuqMtgI/hT8X2YgoMvBY5dLhq/cpOvw7Lk1nK/UF71aLG/ZnVYRA==
  dependencies:
    minimist "^1.2.5"
    neo-async "^2.6.0"
    source-map "^0.6.1"
    wordwrap "^1.0.0"
  optionalDependencies:
    uglify-js "^3.1.4"

inflight@^1.0.4:
  version "1.0.6"
  resolved "https://registry.yarnpkg.com/inflight/-/inflight-1.0.6.tgz#49bd6331d7d02d0c09bc910a1075ba8165b56df9"
  integrity sha512-k92I/b08q4wvFscXCLvqfsHCrjrF7yiXsQuIVvVE7N82W3+aqpzuUdBbfhWcy/FZR3/4IgflMgKLOsvPDrGCJA==
  dependencies:
    once "^1.3.0"
    wrappy "1"

inherits@2:
  version "2.0.4"
  resolved "https://registry.yarnpkg.com/inherits/-/inherits-2.0.4.tgz#0fa2c64f932917c3433a0ded55363aae37416b7c"
  integrity sha512-k/vGaX4/Yla3WzyMCvTQOXYeIHvqOKtnqBduzTHpzpQZzAskKMhZ2K+EnBiSM9zGSoIFeMpXKxa4dYeZIQqewQ==

ipjs@^5.2.0:
  version "5.2.0"
  resolved "https://registry.yarnpkg.com/ipjs/-/ipjs-5.2.0.tgz#6ffced7c15e1abcd3963a272a57556e0890e65b1"
  integrity sha512-dTm7LmiwMUbw0+d6rlScaf61bfxkUZYmgnxrWqIgMz+sHp7yvCyJBJFy28RBrToWepNsSzwT7X72FdrFaFwMSQ==
  dependencies:
    "@tgrajewski/rmtree" "^1.0.1"
    acorn "^8.0.5"
    escodegen "^2.0.0"
    esm-ast-to-cjs "^0.0.2"
    rollup "^2.38.1"
    rollup-plugin-preserve-shebangs "^0.2.0"

js2xmlparser@^4.0.2:
  version "4.0.2"
  resolved "https://registry.yarnpkg.com/js2xmlparser/-/js2xmlparser-4.0.2.tgz#2a1fdf01e90585ef2ae872a01bc169c6a8d5e60a"
  integrity sha512-6n4D8gLlLf1n5mNLQPRfViYzu9RATblzPEtm1SthMX1Pjao0r9YI9nw7ZIfRxQMERS87mcswrg+r/OYrPRX6jA==
  dependencies:
    xmlcreate "^2.0.4"

jsdoc-api@^7.1.1:
  version "7.1.1"
  resolved "https://registry.yarnpkg.com/jsdoc-api/-/jsdoc-api-7.1.1.tgz#a5e5a84d39330f4b3497e95ed29ae8e38118d665"
  integrity sha512-0pkuPCzVXiqsDAsVrNFXCkHzlyNepBIDVtwwehry4RJAnZmXtlAz7rh8F9FRz53u3NeynGbex+bpYWwi8lE66A==
  dependencies:
    array-back "^6.2.2"
    cache-point "^2.0.0"
    collect-all "^1.0.4"
    file-set "^4.0.2"
    fs-then-native "^2.0.0"
    jsdoc "^3.6.10"
    object-to-spawn-args "^2.0.1"
    temp-path "^1.0.0"
    walk-back "^5.1.0"

jsdoc-parse@^6.1.0:
  version "6.1.0"
  resolved "https://registry.yarnpkg.com/jsdoc-parse/-/jsdoc-parse-6.1.0.tgz#f236bc0a219c2c481294c9ecf340ca996f209bb4"
  integrity sha512-n/hDGQJa69IBun1yZAjqzV4gVR41+flZ3bIlm9fKvNe2Xjsd1/+zCo2+R9ls8LxtePgIWbpA1jU7xkB2lRdLLg==
  dependencies:
    array-back "^6.2.2"
    lodash.omit "^4.5.0"
    lodash.pick "^4.4.0"
    reduce-extract "^1.0.0"
    sort-array "^4.1.4"
    test-value "^3.0.0"

jsdoc-to-markdown@^7.1.1:
  version "7.1.1"
  resolved "https://registry.yarnpkg.com/jsdoc-to-markdown/-/jsdoc-to-markdown-7.1.1.tgz#dde4ef32fd0b28b2695c919a08fd65ae98317bcd"
  integrity sha512-CI86d63xAVNO+ENumWwmJ034lYe5iGU5GwjtTA11EuphP9tpnoi4hrKgR/J8uME0D+o4KUpVfwX1fjZhc8dEtg==
  dependencies:
    array-back "^6.2.2"
    command-line-tool "^0.8.0"
    config-master "^3.1.0"
    dmd "^6.1.0"
    jsdoc-api "^7.1.1"
    jsdoc-parse "^6.1.0"
    walk-back "^5.1.0"

jsdoc@^3.6.10:
  version "3.6.11"
  resolved "https://registry.yarnpkg.com/jsdoc/-/jsdoc-3.6.11.tgz#8bbb5747e6f579f141a5238cbad4e95e004458ce"
  integrity sha512-8UCU0TYeIYD9KeLzEcAu2q8N/mx9O3phAGl32nmHlE0LpaJL71mMkP4d+QE5zWfNt50qheHtOZ0qoxVrsX5TUg==
  dependencies:
    "@babel/parser" "^7.9.4"
    "@types/markdown-it" "^12.2.3"
    bluebird "^3.7.2"
    catharsis "^0.9.0"
    escape-string-regexp "^2.0.0"
    js2xmlparser "^4.0.2"
    klaw "^3.0.0"
    markdown-it "^12.3.2"
    markdown-it-anchor "^8.4.1"
    marked "^4.0.10"
    mkdirp "^1.0.4"
    requizzle "^0.2.3"
    strip-json-comments "^3.1.0"
    taffydb "2.6.2"
    underscore "~1.13.2"

klaw@^3.0.0:
  version "3.0.0"
  resolved "https://registry.yarnpkg.com/klaw/-/klaw-3.0.0.tgz#b11bec9cf2492f06756d6e809ab73a2910259146"
  integrity sha512-0Fo5oir+O9jnXu5EefYbVK+mHMBeEVEy2cmctR1O1NECcCkPRreJKrS6Qt/j3KC2C148Dfo9i3pCmCMsdqGr0g==
  dependencies:
    graceful-fs "^4.1.9"

levn@~0.3.0:
  version "0.3.0"
  resolved "https://registry.yarnpkg.com/levn/-/levn-0.3.0.tgz#3b09924edf9f083c0490fdd4c0bc4421e04764ee"
  integrity sha512-0OO4y2iOHix2W6ujICbKIaEQXvFQHue65vUG3pb5EUomzPI90z9hsA1VsO/dbIIpC53J8gxM9Q4Oho0jrCM/yA==
  dependencies:
    prelude-ls "~1.1.2"
    type-check "~0.3.2"

linkify-it@^3.0.1:
  version "3.0.3"
  resolved "https://registry.yarnpkg.com/linkify-it/-/linkify-it-3.0.3.tgz#a98baf44ce45a550efb4d49c769d07524cc2fa2e"
  integrity sha512-ynTsyrFSdE5oZ/O9GEf00kPngmOfVwazR5GKDq6EYfhlpFug3J2zybX56a2PRRpc9P+FuSoGNAwjlbDs9jJBPQ==
  dependencies:
    uc.micro "^1.0.1"

lodash.camelcase@^4.3.0:
  version "4.3.0"
  resolved "https://registry.yarnpkg.com/lodash.camelcase/-/lodash.camelcase-4.3.0.tgz#b28aa6288a2b9fc651035c7711f65ab6190331a6"
  integrity sha512-TwuEnCnxbc3rAvhf/LbG7tJUDzhqXyFnv3dtzLOPgCG/hODL7WFnsbwktkD7yUV0RrreP/l1PALq/YSg6VvjlA==

lodash.omit@^4.5.0:
  version "4.5.0"
  resolved "https://registry.yarnpkg.com/lodash.omit/-/lodash.omit-4.5.0.tgz#6eb19ae5a1ee1dd9df0b969e66ce0b7fa30b5e60"
  integrity sha512-XeqSp49hNGmlkj2EJlfrQFIzQ6lXdNro9sddtQzcJY8QaoC2GO0DT7xaIokHeyM+mIT0mPMlPvkYzg2xCuHdZg==

lodash.padend@^4.6.1:
  version "4.6.1"
  resolved "https://registry.yarnpkg.com/lodash.padend/-/lodash.padend-4.6.1.tgz#53ccba047d06e158d311f45da625f4e49e6f166e"
  integrity sha512-sOQs2aqGpbl27tmCS1QNZA09Uqp01ZzWfDUoD+xzTii0E7dSQfRKcRetFwa+uXaxaqL+TKm7CgD2JdKP7aZBSw==

lodash.pick@^4.4.0:
  version "4.4.0"
  resolved "https://registry.yarnpkg.com/lodash.pick/-/lodash.pick-4.4.0.tgz#52f05610fff9ded422611441ed1fc123a03001b3"
  integrity sha512-hXt6Ul/5yWjfklSGvLQl8vM//l3FtyHZeuelpzK6mm99pNvN9yTDruNZPEJZD1oWrqo+izBmB7oUfWgcCX7s4Q==

lodash@^4.17.14, lodash@^4.17.15:
  version "4.17.21"
  resolved "https://registry.yarnpkg.com/lodash/-/lodash-4.17.21.tgz#679591c564c3bffaae8454cf0b3df370c3d6911c"
  integrity sha512-v2kDEe57lecTulaDIuNTPy3Ry4gLGJ6Z1O3vE1krgXZNrsQ+LFTGHVxVjcXPs17LhbZVGedAJv8XZ1tvj5FvSg==

magic-string@^0.25.7:
  version "0.25.9"
  resolved "https://registry.yarnpkg.com/magic-string/-/magic-string-0.25.9.tgz#de7f9faf91ef8a1c91d02c2e5314c8277dbcdd1c"
  integrity sha512-RmF0AsMzgt25qzqqLc1+MbHmhdx0ojF2Fvs4XnOqz2ZOBXzzkEwc/dJQZCYHAn7v1jbVOjAZfK8msRn4BxO4VQ==
  dependencies:
    sourcemap-codec "^1.4.8"

markdown-it-anchor@^8.4.1:
  version "8.6.4"
  resolved "https://registry.yarnpkg.com/markdown-it-anchor/-/markdown-it-anchor-8.6.4.tgz#affb8aa0910a504c114e9fcad53ac3a5b907b0e6"
  integrity sha512-Ul4YVYZNxMJYALpKtu+ZRdrryYt/GlQ5CK+4l1bp/gWXOG2QWElt6AqF3Mih/wfUKdZbNAZVXGR73/n6U/8img==

markdown-it@^12.3.2:
  version "12.3.2"
  resolved "https://registry.yarnpkg.com/markdown-it/-/markdown-it-12.3.2.tgz#bf92ac92283fe983fe4de8ff8abfb5ad72cd0c90"
  integrity sha512-TchMembfxfNVpHkbtriWltGWc+m3xszaRD0CZup7GFFhzIgQqxIfn3eGj1yZpfuflzPvfkt611B2Q/Bsk1YnGg==
  dependencies:
    argparse "^2.0.1"
    entities "~2.1.0"
    linkify-it "^3.0.1"
    mdurl "^1.0.1"
    uc.micro "^1.0.5"

marked@^4.0.10, marked@^4.0.12:
  version "4.0.18"
  resolved "https://registry.yarnpkg.com/marked/-/marked-4.0.18.tgz#cd0ac54b2e5610cfb90e8fd46ccaa8292c9ed569"
  integrity sha512-wbLDJ7Zh0sqA0Vdg6aqlbT+yPxqLblpAZh1mK2+AO2twQkPywvvqQNfEPVwSSRjZ7dZcdeVBIAgiO7MMp3Dszw==

mdurl@^1.0.1:
  version "1.0.1"
  resolved "https://registry.yarnpkg.com/mdurl/-/mdurl-1.0.1.tgz#fe85b2ec75a59037f2adfec100fd6c601761152e"
  integrity sha512-/sKlQJCBYVY9Ers9hqzKou4H6V5UWc/M59TH2dvkt+84itfnq7uFOMLpOiOS4ujvHP4etln18fmIxA5R5fll0g==

minimatch@^3.1.1:
  version "3.1.2"
  resolved "https://registry.yarnpkg.com/minimatch/-/minimatch-3.1.2.tgz#19cd194bfd3e428f049a70817c038d89ab4be35b"
  integrity sha512-J7p63hRiAjw1NDEww1W7i37+ByIrOWO5XQQAzZ3VOcL0PNybwpfmV/N05zFAzwQ9USyEcX6t3UO+K5aqBQOIHw==
  dependencies:
    brace-expansion "^1.1.7"

minimist@^1.2.5:
  version "1.2.6"
  resolved "https://registry.yarnpkg.com/minimist/-/minimist-1.2.6.tgz#8637a5b759ea0d6e98702cfb3a9283323c93af44"
  integrity sha512-Jsjnk4bw3YJqYzbdyBiNsPWHPfO++UGG749Cxs6peCu5Xg4nrena6OVxOYxrQTqww0Jmwt+Ref8rggumkTLz9Q==

mkdirp2@^1.0.4:
  version "1.0.5"
  resolved "https://registry.yarnpkg.com/mkdirp2/-/mkdirp2-1.0.5.tgz#68bbe61defefafce4b48948608ec0bac942512c2"
  integrity sha512-xOE9xbICroUDmG1ye2h4bZ8WBie9EGmACaco8K8cx6RlkJJrxGIqjGqztAI+NMhexXBcdGbSEzI6N3EJPevxZw==

mkdirp@^1.0.4:
  version "1.0.4"
  resolved "https://registry.yarnpkg.com/mkdirp/-/mkdirp-1.0.4.tgz#3eb5ed62622756d79a5f0e2a221dfebad75c2f7e"
  integrity sha512-vVqVZQyf3WLx2Shd0qJ9xuvqgAyKPLAiqITEtqW0oIUjzo3PePDd6fW9iFz30ef7Ysp/oiWqbhszeGWW2T6Gzw==

multiformats@^9.5.4, multiformats@^9.6.4:
  version "9.7.1"
  resolved "https://registry.yarnpkg.com/multiformats/-/multiformats-9.7.1.tgz#ab348e5fd6f8e7fb3fd56033211bda48854e2173"
  integrity sha512-TaVmGEBt0fhxiNJMGphBfB+oGvUxFs8KgGvgl8d3C+GWtrFcvXdJ2196eg+dYhmSFClmgFfSfJEklo+SZzdNuw==

neo-async@^2.6.0:
  version "2.6.2"
  resolved "https://registry.yarnpkg.com/neo-async/-/neo-async-2.6.2.tgz#b4aafb93e3aeb2d8174ca53cf163ab7d7308305f"
  integrity sha512-Yd3UES5mWCSqR+qNT93S3UoYUkqAZ9lLg8a7g9rimsWmYGK8cVToA4/sF3RrshdyV3sAGMXVUmpMYOw+dLpOuw==

node-fetch@2.6.7:
  version "2.6.7"
  resolved "https://registry.yarnpkg.com/node-fetch/-/node-fetch-2.6.7.tgz#24de9fba827e3b4ae44dc8b20256a379160052ad"
  integrity sha512-ZjMPFEfVx5j+y2yF35Kzx5sF7kDzxuDj6ziH4FFbOp87zKDZNx8yExJIb05OGF4Nlt9IHFIMBkRl41VdvcNdbQ==
  dependencies:
    whatwg-url "^5.0.0"

object-get@^2.1.1:
  version "2.1.1"
  resolved "https://registry.yarnpkg.com/object-get/-/object-get-2.1.1.tgz#1dad63baf6d94df184d1c58756cc9be55b174dac"
  integrity sha512-7n4IpLMzGGcLEMiQKsNR7vCe+N5E9LORFrtNUVy4sO3dj9a3HedZCxEL2T7QuLhcHN1NBuBsMOKaOsAYI9IIvg==

object-to-spawn-args@^2.0.1:
  version "2.0.1"
  resolved "https://registry.yarnpkg.com/object-to-spawn-args/-/object-to-spawn-args-2.0.1.tgz#cf8b8e3c9b3589137a469cac90391f44870144a5"
  integrity sha512-6FuKFQ39cOID+BMZ3QaphcC8Y4cw6LXBLyIgPU+OhIYwviJamPAn+4mITapnSBQrejB+NNp+FMskhD8Cq+Ys3w==

once@^1.3.0:
  version "1.4.0"
  resolved "https://registry.yarnpkg.com/once/-/once-1.4.0.tgz#583b1aa775961d4b113ac17d9c50baef9dd76bd1"
  integrity sha512-lNaJgI+2Q5URQBkccEKHTQOPaXdUxnZZElQTZY0MFUAuaEqe1E+Nyvgdz/aIyNi6Z9MzO5dv1H8n58/GELp3+w==
  dependencies:
    wrappy "1"

optionator@^0.8.1:
  version "0.8.3"
  resolved "https://registry.yarnpkg.com/optionator/-/optionator-0.8.3.tgz#84fa1d036fe9d3c7e21d99884b601167ec8fb495"
  integrity sha512-+IW9pACdk3XWmmTXG8m3upGUJst5XRGzxMRjXzAuJ1XnIFNvfhjjIuYkDvysnPQ7qzqVzLt78BCruntqRhWQbA==
  dependencies:
    deep-is "~0.1.3"
    fast-levenshtein "~2.0.6"
    levn "~0.3.0"
    prelude-ls "~1.1.2"
    type-check "~0.3.2"
    word-wrap "~1.2.3"

path-is-absolute@^1.0.0:
  version "1.0.1"
  resolved "https://registry.yarnpkg.com/path-is-absolute/-/path-is-absolute-1.0.1.tgz#174b9268735534ffbc7ace6bf53a5a9e1b5c5f5f"
  integrity sha512-AVbw3UJ2e9bq64vSaS9Am0fje1Pa8pbGqTTsmXfaIiMpnr5DlDhfJOuLj9Sf95ZPVDAUerDfEk88MPmPe7UCQg==

prelude-ls@~1.1.2:
  version "1.1.2"
  resolved "https://registry.yarnpkg.com/prelude-ls/-/prelude-ls-1.1.2.tgz#21932a549f5e52ffd9a827f570e04be62a97da54"
  integrity sha512-ESF23V4SKG6lVSGZgYNpbsiaAkdab6ZgOxe52p7+Kid3W3u3bxR4Vfd/o21dmN7jSt0IwgZ4v5MUd26FEtXE9w==

reduce-extract@^1.0.0:
  version "1.0.0"
  resolved "https://registry.yarnpkg.com/reduce-extract/-/reduce-extract-1.0.0.tgz#67f2385beda65061b5f5f4312662e8b080ca1525"
  integrity sha512-QF8vjWx3wnRSL5uFMyCjDeDc5EBMiryoT9tz94VvgjKfzecHAVnqmXAwQDcr7X4JmLc2cjkjFGCVzhMqDjgR9g==
  dependencies:
    test-value "^1.0.1"

reduce-flatten@^1.0.1:
  version "1.0.1"
  resolved "https://registry.yarnpkg.com/reduce-flatten/-/reduce-flatten-1.0.1.tgz#258c78efd153ddf93cb561237f61184f3696e327"
  integrity sha512-j5WfFJfc9CoXv/WbwVLHq74i/hdTUpy+iNC534LxczMRP67vJeK3V9JOdnL0N1cIRbn9mYhE2yVjvvKXDxvNXQ==

reduce-flatten@^3.0.1:
  version "3.0.1"
  resolved "https://registry.yarnpkg.com/reduce-flatten/-/reduce-flatten-3.0.1.tgz#3db6b48ced1f4dbe4f4f5e31e422aa9ff0cd21ba"
  integrity sha512-bYo+97BmUUOzg09XwfkwALt4PQH1M5L0wzKerBt6WLm3Fhdd43mMS89HiT1B9pJIqko/6lWx3OnV4J9f2Kqp5Q==

reduce-unique@^2.0.1:
  version "2.0.1"
  resolved "https://registry.yarnpkg.com/reduce-unique/-/reduce-unique-2.0.1.tgz#fb34b90e89297c1e08d75dcf17e9a6443ea71081"
  integrity sha512-x4jH/8L1eyZGR785WY+ePtyMNhycl1N2XOLxhCbzZFaqF4AXjLzqSxa2UHgJ2ZVR/HHyPOvl1L7xRnW8ye5MdA==

reduce-without@^1.0.1:
  version "1.0.1"
  resolved "https://registry.yarnpkg.com/reduce-without/-/reduce-without-1.0.1.tgz#68ad0ead11855c9a37d4e8256c15bbf87972fc8c"
  integrity sha512-zQv5y/cf85sxvdrKPlfcRzlDn/OqKFThNimYmsS3flmkioKvkUGn2Qg9cJVoQiEvdxFGLE0MQER/9fZ9sUqdxg==
  dependencies:
    test-value "^2.0.0"

requizzle@^0.2.3:
  version "0.2.3"
  resolved "https://registry.yarnpkg.com/requizzle/-/requizzle-0.2.3.tgz#4675c90aacafb2c036bd39ba2daa4a1cb777fded"
  integrity sha512-YanoyJjykPxGHii0fZP0uUPEXpvqfBDxWV7s6GKAiiOsiqhX6vHNyW3Qzdmqp/iq/ExbhaGbVrjB4ruEVSM4GQ==
  dependencies:
    lodash "^4.17.14"

rollup-plugin-preserve-shebangs@^0.2.0:
  version "0.2.0"
  resolved "https://registry.yarnpkg.com/rollup-plugin-preserve-shebangs/-/rollup-plugin-preserve-shebangs-0.2.0.tgz#e48894c1f68c6fd54b0de10bd26906224d5dc7cd"
  integrity sha512-OEyTIfZwUJ7yUAVAbegac/bNvp1WJzgZcQNCFprWX42wwwOqlJwrev9lUmzZdYVgCWct+03xUPvZg4RfgkM9oQ==
  dependencies:
    magic-string "^0.25.7"

rollup@^2.38.1:
  version "2.77.2"
  resolved "https://registry.yarnpkg.com/rollup/-/rollup-2.77.2.tgz#6b6075c55f9cc2040a5912e6e062151e42e2c4e3"
  integrity sha512-m/4YzYgLcpMQbxX3NmAqDvwLATZzxt8bIegO78FZLl+lAgKJBd1DRAOeEiZcKOIOPjxE6ewHWHNgGEalFXuz1g==
  optionalDependencies:
    fsevents "~2.3.2"

sort-array@^4.1.4:
  version "4.1.5"
  resolved "https://registry.yarnpkg.com/sort-array/-/sort-array-4.1.5.tgz#64b92aaba222aec606786f4df28ae4e3e3e68313"
  integrity sha512-Ya4peoS1fgFN42RN1REk2FgdNOeLIEMKFGJvs7VTP3OklF8+kl2SkpVliZ4tk/PurWsrWRsdNdU+tgyOBkB9sA==
  dependencies:
    array-back "^5.0.0"
    typical "^6.0.1"

source-map@^0.6.1, source-map@~0.6.1:
  version "0.6.1"
  resolved "https://registry.yarnpkg.com/source-map/-/source-map-0.6.1.tgz#74722af32e9614e9c287a8d0bbde48b5e2f1a263"
  integrity sha512-UjgapumWlbMhkBgzT7Ykc5YXUT46F0iKu8SGXq0bcwP5dz/h0Plj6enJqjz1Zbq2l5WaqYnrVbwWOWMyF3F47g==

sourcemap-codec@^1.4.8:
  version "1.4.8"
  resolved "https://registry.yarnpkg.com/sourcemap-codec/-/sourcemap-codec-1.4.8.tgz#ea804bd94857402e6992d05a38ef1ae35a9ab4c4"
  integrity sha512-9NykojV5Uih4lgo5So5dtw+f0JgJX30KCNI8gwhz2J9A15wD0Ml6tjHKwf6fTSa6fAdVBdZeNOs9eJ71qCk8vA==

stream-connect@^1.0.2:
  version "1.0.2"
  resolved "https://registry.yarnpkg.com/stream-connect/-/stream-connect-1.0.2.tgz#18bc81f2edb35b8b5d9a8009200a985314428a97"
  integrity sha512-68Kl+79cE0RGKemKkhxTSg8+6AGrqBt+cbZAXevg2iJ6Y3zX4JhA/sZeGzLpxW9cXhmqAcE7KnJCisUmIUfnFQ==
  dependencies:
    array-back "^1.0.2"

stream-via@^1.0.4:
  version "1.0.4"
  resolved "https://registry.yarnpkg.com/stream-via/-/stream-via-1.0.4.tgz#8dccbb0ac909328eb8bc8e2a4bd3934afdaf606c"
  integrity sha512-DBp0lSvX5G9KGRDTkR/R+a29H+Wk2xItOF+MpZLLNDWbEV9tGPnqLPxHEYjmiz8xGtJHRIqmI+hCjmNzqoA4nQ==

strip-json-comments@^3.1.0:
  version "3.1.1"
  resolved "https://registry.yarnpkg.com/strip-json-comments/-/strip-json-comments-3.1.1.tgz#31f1281b3832630434831c310c01cccda8cbe006"
  integrity sha512-6fPc+R4ihwqP6N/aIv2f1gMH8lOVtWQHoqC4yK6oSDVVocumAsfCqjkXnqiYMhmMwS/mEHLp7Vehlt3ql6lEig==

table-layout@^0.4.2:
  version "0.4.5"
  resolved "https://registry.yarnpkg.com/table-layout/-/table-layout-0.4.5.tgz#d906de6a25fa09c0c90d1d08ecd833ecedcb7378"
  integrity sha512-zTvf0mcggrGeTe/2jJ6ECkJHAQPIYEwDoqsiqBjI24mvRmQbInK5jq33fyypaCBxX08hMkfmdOqj6haT33EqWw==
  dependencies:
    array-back "^2.0.0"
    deep-extend "~0.6.0"
    lodash.padend "^4.6.1"
    typical "^2.6.1"
    wordwrapjs "^3.0.0"

taffydb@2.6.2:
  version "2.6.2"
  resolved "https://registry.yarnpkg.com/taffydb/-/taffydb-2.6.2.tgz#7cbcb64b5a141b6a2efc2c5d2c67b4e150b2a268"
  integrity sha512-y3JaeRSplks6NYQuCOj3ZFMO3j60rTwbuKCvZxsAraGYH2epusatvZ0baZYA01WsGqJBq/Dl6vOrMUJqyMj8kA==

temp-path@^1.0.0:
  version "1.0.0"
  resolved "https://registry.yarnpkg.com/temp-path/-/temp-path-1.0.0.tgz#24b1543973ab442896d9ad367dd9cbdbfafe918b"
  integrity sha512-TvmyH7kC6ZVTYkqCODjJIbgvu0FKiwQpZ4D1aknE7xpcDf/qEOB8KZEK5ef2pfbVoiBhNWs3yx4y+ESMtNYmlg==

test-value@^1.0.1:
  version "1.1.0"
  resolved "https://registry.yarnpkg.com/test-value/-/test-value-1.1.0.tgz#a09136f72ec043d27c893707c2b159bfad7de93f"
  integrity sha512-wrsbRo7qP+2Je8x8DsK8ovCGyxe3sYfQwOraIY/09A2gFXU9DYKiTF14W4ki/01AEh56kMzAmlj9CaHGDDUBJA==
  dependencies:
    array-back "^1.0.2"
    typical "^2.4.2"

test-value@^2.0.0:
  version "2.1.0"
  resolved "https://registry.yarnpkg.com/test-value/-/test-value-2.1.0.tgz#11da6ff670f3471a73b625ca4f3fdcf7bb748291"
  integrity sha512-+1epbAxtKeXttkGFMTX9H42oqzOTufR1ceCF+GYA5aOmvaPq9wd4PUS8329fn2RRLGNeUkgRLnVpycjx8DsO2w==
  dependencies:
    array-back "^1.0.3"
    typical "^2.6.0"

test-value@^3.0.0:
  version "3.0.0"
  resolved "https://registry.yarnpkg.com/test-value/-/test-value-3.0.0.tgz#9168c062fab11a86b8d444dd968bb4b73851ce92"
  integrity sha512-sVACdAWcZkSU9x7AOmJo5TqE+GyNJknHaHsMrR6ZnhjVlVN9Yx6FjHrsKZ3BjIpPCT68zYesPWkakrNupwfOTQ==
  dependencies:
    array-back "^2.0.0"
    typical "^2.6.1"

tr46@~0.0.3:
  version "0.0.3"
  resolved "https://registry.yarnpkg.com/tr46/-/tr46-0.0.3.tgz#8184fd347dac9cdc185992f3a6622e14b9d9ab6a"
  integrity sha512-N3WMsuqV66lT30CrXNbEjx4GEwlow3v6rr4mCcv6prnfwhS01rkgyFdjPNBYd9br7LpXV1+Emh01fHnq2Gdgrw==

tweetnacl@^1.0.3:
  version "1.0.3"
  resolved "https://registry.yarnpkg.com/tweetnacl/-/tweetnacl-1.0.3.tgz#ac0af71680458d8a6378d0d0d050ab1407d35596"
  integrity sha512-6rt+RN7aOi1nGMyC4Xa5DdYiukl2UWCbcJft7YhxReBGQD7OAM8Pbxw6YMo4r2diNEA8FEmu32YOn9rhaiE5yw==

type-check@~0.3.2:
  version "0.3.2"
  resolved "https://registry.yarnpkg.com/type-check/-/type-check-0.3.2.tgz#5884cab512cf1d355e3fb784f30804b2b520db72"
  integrity sha512-ZCmOJdvOWDBYJlzAoFkC+Q0+bUyEOS1ltgp1MGU03fqHG+dbi9tBFU2Rd9QKiDZFAYrhPh2JUf7rZRIuHRKtOg==
  dependencies:
    prelude-ls "~1.1.2"

typescript@^4.8.3:
  version "4.8.3"
  resolved "https://registry.yarnpkg.com/typescript/-/typescript-4.8.3.tgz#d59344522c4bc464a65a730ac695007fdb66dd88"
  integrity sha512-goMHfm00nWPa8UvR/CPSvykqf6dVV8x/dp0c5mFTMTIu0u0FlGWRioyy7Nn0PGAdHxpJZnuO/ut+PpQ8UiHAig==

typical@^2.4.2, typical@^2.6.0, typical@^2.6.1:
  version "2.6.1"
  resolved "https://registry.yarnpkg.com/typical/-/typical-2.6.1.tgz#5c080e5d661cbbe38259d2e70a3c7253e873881d"
  integrity sha512-ofhi8kjIje6npGozTip9Fr8iecmYfEbS06i0JnIg+rh51KakryWF4+jX8lLKZVhy6N+ID45WYSFCxPOdTWCzNg==

typical@^4.0.0:
  version "4.0.0"
  resolved "https://registry.yarnpkg.com/typical/-/typical-4.0.0.tgz#cbeaff3b9d7ae1e2bbfaf5a4e6f11eccfde94fc4"
  integrity sha512-VAH4IvQ7BDFYglMd7BPRDfLgxZZX4O4TFcRDA6EN5X7erNJJq+McIEp8np9aVtxrCJ6qx4GTYVfOWNjcqwZgRw==

typical@^6.0.1:
  version "6.0.1"
  resolved "https://registry.yarnpkg.com/typical/-/typical-6.0.1.tgz#89bd1a6aa5e5e96fa907fb6b7579223bff558a06"
  integrity sha512-+g3NEp7fJLe9DPa1TArHm9QAA7YciZmWnfAqEaFrBihQ7epOv9i99rjtgb6Iz0wh3WuQDjsCTDfgRoGnmHN81A==

uc.micro@^1.0.1, uc.micro@^1.0.5:
  version "1.0.6"
  resolved "https://registry.yarnpkg.com/uc.micro/-/uc.micro-1.0.6.tgz#9c411a802a409a91fc6cf74081baba34b24499ac"
  integrity sha512-8Y75pvTYkLJW2hWQHXxoqRgV7qb9B+9vFEtidML+7koHUFapnVJAZ6cKs+Qjz5Aw3aZWHMC6u0wJE3At+nSGwA==

uglify-js@^3.1.4:
  version "3.16.3"
  resolved "https://registry.yarnpkg.com/uglify-js/-/uglify-js-3.16.3.tgz#94c7a63337ee31227a18d03b8a3041c210fd1f1d"
  integrity sha512-uVbFqx9vvLhQg0iBaau9Z75AxWJ8tqM9AV890dIZCLApF4rTcyHwmAvLeEdYRs+BzYWu8Iw81F79ah0EfTXbaw==

underscore@~1.13.2:
  version "1.13.4"
  resolved "https://registry.yarnpkg.com/underscore/-/underscore-1.13.4.tgz#7886b46bbdf07f768e0052f1828e1dcab40c0dee"
  integrity sha512-BQFnUDuAQ4Yf/cYY5LNrK9NCJFKriaRbD9uR1fTeXnBeoa97W0i41qkZfGO9pSo8I5KzjAcSY2XYtdf0oKd7KQ==

varint@^6.0.0:
  version "6.0.0"
  resolved "https://registry.yarnpkg.com/varint/-/varint-6.0.0.tgz#9881eb0ce8feaea6512439d19ddf84bf551661d0"
  integrity sha512-cXEIW6cfr15lFv563k4GuVuW/fiwjknytD37jIOLSdSWuOI6WnO/oKwmP2FQTU2l01LP8/M5TSAJpzUaGe3uWg==

walk-back@^2.0.1:
  version "2.0.1"
  resolved "https://registry.yarnpkg.com/walk-back/-/walk-back-2.0.1.tgz#554e2a9d874fac47a8cb006bf44c2f0c4998a0a4"
  integrity sha512-Nb6GvBR8UWX1D+Le+xUq0+Q1kFmRBIWVrfLnQAOmcpEzA9oAxwJ9gIr36t9TWYfzvWRvuMtjHiVsJYEkXWaTAQ==

walk-back@^5.1.0:
  version "5.1.0"
  resolved "https://registry.yarnpkg.com/walk-back/-/walk-back-5.1.0.tgz#486d6f29e67f56ab89b952d987028bbb1a4e956c"
  integrity sha512-Uhxps5yZcVNbLEAnb+xaEEMdgTXl9qAQDzKYejG2AZ7qPwRQ81lozY9ECDbjLPNWm7YsO1IK5rsP1KoQzXAcGA==

webidl-conversions@^3.0.0:
  version "3.0.1"
  resolved "https://registry.yarnpkg.com/webidl-conversions/-/webidl-conversions-3.0.1.tgz#24534275e2a7bc6be7bc86611cc16ae0a5654871"
  integrity sha512-2JAn3z8AR6rjK8Sm8orRC0h/bcl/DqL7tRPdGZ4I1CjdF+EaMLmYxBHyXuKL849eucPFhvBoxMsflfOb8kxaeQ==

whatwg-url@^5.0.0:
  version "5.0.0"
  resolved "https://registry.yarnpkg.com/whatwg-url/-/whatwg-url-5.0.0.tgz#966454e8765462e37644d3626f6742ce8b70965d"
  integrity sha512-saE57nupxk6v3HY35+jzBwYa0rKSy0XR8JSxZPwgLr7ys0IBzhGviA1/TUGJLmSVqs8pb9AnvICXEuOHLprYTw==
  dependencies:
    tr46 "~0.0.3"
    webidl-conversions "^3.0.0"

word-wrap@~1.2.3:
  version "1.2.3"
  resolved "https://registry.yarnpkg.com/word-wrap/-/word-wrap-1.2.3.tgz#610636f6b1f703891bd34771ccb17fb93b47079c"
  integrity sha512-Hz/mrNwitNRh/HUAtM/VT/5VH+ygD6DV7mYKZAtHOrbs8U7lvPS6xf7EJKMF0uW1KJCl0H701g3ZGus+muE5vQ==

wordwrap@^1.0.0:
  version "1.0.0"
  resolved "https://registry.yarnpkg.com/wordwrap/-/wordwrap-1.0.0.tgz#27584810891456a4171c8d0226441ade90cbcaeb"
  integrity sha512-gvVzJFlPycKc5dZN4yPkP8w7Dc37BtP1yczEneOb4uq34pXZcvrtRTmWV8W+Ume+XCxKgbjM+nevkyFPMybd4Q==

wordwrapjs@^3.0.0:
  version "3.0.0"
  resolved "https://registry.yarnpkg.com/wordwrapjs/-/wordwrapjs-3.0.0.tgz#c94c372894cadc6feb1a66bff64e1d9af92c5d1e"
  integrity sha512-mO8XtqyPvykVCsrwj5MlOVWvSnCdT+C+QVbm6blradR7JExAhbkZ7hZ9A+9NUtwzSqrlUo9a67ws0EiILrvRpw==
  dependencies:
    reduce-flatten "^1.0.1"
    typical "^2.6.1"

wrappy@1:
  version "1.0.2"
  resolved "https://registry.yarnpkg.com/wrappy/-/wrappy-1.0.2.tgz#b5243d8f3ec1aa35f1364605bc0d1036e30ab69f"
  integrity sha512-l4Sp/DRseor9wL6EvV2+TuQn63dMkPjZ/sp9XkghTEbV9KlPS1xUsZ3u7/IQO4wxtcFB4bgpQPRcR3QCvezPcQ==

xmlcreate@^2.0.4:
  version "2.0.4"
  resolved "https://registry.yarnpkg.com/xmlcreate/-/xmlcreate-2.0.4.tgz#0c5ab0f99cdd02a81065fa9cd8f8ae87624889be"
  integrity sha512-nquOebG4sngPmGPICTS5EnxqhKbCmz5Ox5hsszI2T6U5qdrJizBc+0ilYSEjTSzU0yZcmvppztXe/5Al5fUwdg==
